
Microsoft Visual Studio Solution File, Format Version 12.00
# Visual Studio Version 17
VisualStudioVersion = 17.8.34309.116
MinimumVisualStudioVersion = 10.0.40219.1
Project("{FAE04EC0-301F-11D3-BF4B-00C04F79EFBC}") = "VeryInterestingApiAndAppBackend", "VeryInterestingApiAndAppBackend\VeryInterestingApiAndAppBackend.csproj", "{6BD0BA40-6668-4404-8D6E-FFFD5F5D9935}"
EndProject
Global
	GlobalSection(SolutionConfigurationPlatforms) = preSolution
		Debug|Any CPU = Debug|Any CPU
		Release|Any CPU = Release|Any CPU
	EndGlobalSection
	GlobalSection(ProjectConfigurationPlatforms) = postSolution
		{6BD0BA40-6668-4404-8D6E-FFFD5F5D9935}.Debug|Any CPU.ActiveCfg = Debug|Any CPU
		{6BD0BA40-6668-4404-8D6E-FFFD5F5D9935}.Debug|Any CPU.Build.0 = Debug|Any CPU
		{6BD0BA40-6668-4404-8D6E-FFFD5F5D9935}.Release|Any CPU.ActiveCfg = Release|Any CPU
		{6BD0BA40-6668-4404-8D6E-FFFD5F5D9935}.Release|Any CPU.Build.0 = Release|Any CPU
	EndGlobalSection
	GlobalSection(SolutionProperties) = preSolution
		HideSolutionNode = FALSE
	EndGlobalSection
	GlobalSection(ExtensibilityGlobals) = postSolution
		SolutionGuid = {954BC2DE-1F85-458C-880C-BE884A2219DE}
	EndGlobalSection
EndGlobal
